
Microsoft Visual Studio Solution File, Format Version 12.00
# Visual Studio Version 16
VisualStudioVersion = 16.0.29609.76
MinimumVisualStudioVersion = 10.0.40219.1
Project("{888888A0-9F3D-457C-B088-3A5042F75D52}") = "GStem", "GStem.pyproj", "{5086A39B-C867-4D23-BDBF-7F143A5F3AEE}"
EndProject
Global
	GlobalSection(SolutionConfigurationPlatforms) = preSolution
		Debug|Any CPU = Debug|Any CPU
		Release|Any CPU = Release|Any CPU
	EndGlobalSection
	GlobalSection(ProjectConfigurationPlatforms) = postSolution
		{5086A39B-C867-4D23-BDBF-7F143A5F3AEE}.Debug|Any CPU.ActiveCfg = Debug|Any CPU
		{5086A39B-C867-4D23-BDBF-7F143A5F3AEE}.Release|Any CPU.ActiveCfg = Release|Any CPU
	EndGlobalSection
	GlobalSection(SolutionProperties) = preSolution
		HideSolutionNode = FALSE
	EndGlobalSection
	GlobalSection(ExtensibilityGlobals) = postSolution
		SolutionGuid = {65E29F3B-1979-4039-97C2-6FF74AFDE51E}
	EndGlobalSection
EndGlobal
